
Microsoft Visual Studio Solution File, Format Version 12.00
# Visual Studio Version 17
VisualStudioVersion = 17.8.34330.188
MinimumVisualStudioVersion = 10.0.40219.1
Project("{9A19103F-16F7-4668-BE54-9A1E7A4F7556}") = "PurchaseServiceTest", "PurchaseServiceTest\PurchaseServiceTest.csproj", "{F4CA18A4-A86C-4277-A470-0AE91B68B7EF}"
EndProject
Project("{9A19103F-16F7-4668-BE54-9A1E7A4F7556}") = "PurchaseService", "PurchaseService\PurchaseService.csproj", "{A34F234C-27D2-45E4-B7B3-DCB5D8718D83}"
EndProject
Project("{2150E333-8FDC-42A3-9474-1A3956D46DE8}") = "shared", "shared", "{CABA2531-2AA8-4467-8358-2648A540DD4C}"
EndProject
Project("{9A19103F-16F7-4668-BE54-9A1E7A4F7556}") = "TrendingApp.Packages.Authentication", "..\packages\TrendingApp.Packages.Authentication\TrendingApp.Packages.Authentication.csproj", "{CB694D4F-F392-46E9-A2D2-88C3F3886CEE}"
EndProject
Global
	GlobalSection(SolutionConfigurationPlatforms) = preSolution
		Debug|Any CPU = Debug|Any CPU
		Release|Any CPU = Release|Any CPU
	EndGlobalSection
	GlobalSection(ProjectConfigurationPlatforms) = postSolution
		{F4CA18A4-A86C-4277-A470-0AE91B68B7EF}.Debug|Any CPU.ActiveCfg = Debug|Any CPU
		{F4CA18A4-A86C-4277-A470-0AE91B68B7EF}.Debug|Any CPU.Build.0 = Debug|Any CPU
		{F4CA18A4-A86C-4277-A470-0AE91B68B7EF}.Release|Any CPU.ActiveCfg = Release|Any CPU
		{F4CA18A4-A86C-4277-A470-0AE91B68B7EF}.Release|Any CPU.Build.0 = Release|Any CPU
		{A34F234C-27D2-45E4-B7B3-DCB5D8718D83}.Debug|Any CPU.ActiveCfg = Debug|Any CPU
		{A34F234C-27D2-45E4-B7B3-DCB5D8718D83}.Debug|Any CPU.Build.0 = Debug|Any CPU
		{A34F234C-27D2-45E4-B7B3-DCB5D8718D83}.Release|Any CPU.ActiveCfg = Release|Any CPU
		{A34F234C-27D2-45E4-B7B3-DCB5D8718D83}.Release|Any CPU.Build.0 = Release|Any CPU
		{CB694D4F-F392-46E9-A2D2-88C3F3886CEE}.Debug|Any CPU.ActiveCfg = Debug|Any CPU
		{CB694D4F-F392-46E9-A2D2-88C3F3886CEE}.Debug|Any CPU.Build.0 = Debug|Any CPU
		{CB694D4F-F392-46E9-A2D2-88C3F3886CEE}.Release|Any CPU.ActiveCfg = Release|Any CPU
		{CB694D4F-F392-46E9-A2D2-88C3F3886CEE}.Release|Any CPU.Build.0 = Release|Any CPU
	EndGlobalSection
	GlobalSection(SolutionProperties) = preSolution
		HideSolutionNode = FALSE
	EndGlobalSection
	GlobalSection(NestedProjects) = preSolution
		{CB694D4F-F392-46E9-A2D2-88C3F3886CEE} = {CABA2531-2AA8-4467-8358-2648A540DD4C}
	EndGlobalSection
	GlobalSection(ExtensibilityGlobals) = postSolution
		SolutionGuid = {9F2D3087-942B-4E7E-9323-0C529C19BDF4}
	EndGlobalSection
EndGlobal
